
Microsoft Visual Studio Solution File, Format Version 12.00
# Visual Studio Version 17
VisualStudioVersion = 17.6.33815.320
MinimumVisualStudioVersion = 10.0.40219.1
Project("{8BC9CEB8-8B4A-11D0-8D11-00A0C91BC942}") = "LoadingofSSPClassic", "LoadingofSSPClassic\LoadingofSSPClassic.vcxproj", "{B8E4F2A1-3C5D-4E6F-9A0B-1C2D3E4F5A6B}"
EndProject
Global
	GlobalSection(SolutionConfigurationPlatforms) = preSolution
		Debug|x64 = Debug|x64
		Debug|x86 = Debug|x86
		Release|x64 = Release|x64
		Release|x86 = Release|x86
	EndGlobalSection
	GlobalSection(ProjectConfigurationPlatforms) = postSolution
		{B8E4F2A1-3C5D-4E6F-9A0B-1C2D3E4F5A6B}.Debug|x64.ActiveCfg = Debug|x64
		{B8E4F2A1-3C5D-4E6F-9A0B-1C2D3E4F5A6B}.Debug|x64.Build.0 = Debug|x64
		{B8E4F2A1-3C5D-4E6F-9A0B-1C2D3E4F5A6B}.Debug|x86.ActiveCfg = Debug|Win32
		{B8E4F2A1-3C5D-4E6F-9A0B-1C2D3E4F5A6B}.Debug|x86.Build.0 = Debug|Win32
		{B8E4F2A1-3C5D-4E6F-9A0B-1C2D3E4F5A6B}.Release|x64.ActiveCfg = Release|x64
		{B8E4F2A1-3C5D-4E6F-9A0B-1C2D3E4F5A6B}.Release|x64.Build.0 = Release|x64
		{B8E4F2A1-3C5D-4E6F-9A0B-1C2D3E4F5A6B}.Release|x86.ActiveCfg = Release|Win32
		{B8E4F2A1-3C5D-4E6F-9A0B-1C2D3E4F5A6B}.Release|x86.Build.0 = Release|Win32
	EndGlobalSection
	GlobalSection(SolutionProperties) = preSolution
		HideSolutionNode = FALSE
	EndGlobalSection
	GlobalSection(ExtensibilityGlobals) = postSolution
		SolutionGuid = {E6F0A4B3-7C8D-4E9F-B021-3C4D5E6F7081}
	EndGlobalSection
EndGlobal
